
Microsoft Visual Studio Solution File, Format Version 12.00
# Visual Studio Version 17
VisualStudioVersion = 17.3.32825.248
MinimumVisualStudioVersion = 10.0.40219.1
Project("{9A19103F-16F7-4668-BE54-9A1E7A4F7556}") = "HuntleyWebAPI", "HuntleyWebAPI\HuntleyWebAPI.csproj", "{FA072C55-1461-4D5C-B6FA-FC8F688F6745}"
EndProject
Project("{9A19103F-16F7-4668-BE54-9A1E7A4F7556}") = "UnitTestMail", "UnitTestMail\UnitTestMail.csproj", "{17E3E449-6C1F-4A64-A76C-E3A64B33828C}"
EndProject
Project("{9A19103F-16F7-4668-BE54-9A1E7A4F7556}") = "HuntleyWeb.Application", "HuntleyWeb.Application\HuntleyWeb.Application.csproj", "{17F37A4B-F985-4446-9E1A-AF9A8B38D445}"
EndProject
Project("{FAE04EC0-301F-11D3-BF4B-00C04F79EFBC}") = "HuntleyServicesAPI", "HuntleyServicesAPI\HuntleyServicesAPI.csproj", "{96F20891-0ECC-46CA-AD4F-840A7CEC5E72}"
EndProject
Global
	GlobalSection(SolutionConfigurationPlatforms) = preSolution
		Debug|Any CPU = Debug|Any CPU
		Release|Any CPU = Release|Any CPU
	EndGlobalSection
	GlobalSection(ProjectConfigurationPlatforms) = postSolution
		{FA072C55-1461-4D5C-B6FA-FC8F688F6745}.Debug|Any CPU.ActiveCfg = Debug|Any CPU
		{FA072C55-1461-4D5C-B6FA-FC8F688F6745}.Debug|Any CPU.Build.0 = Debug|Any CPU
		{FA072C55-1461-4D5C-B6FA-FC8F688F6745}.Release|Any CPU.ActiveCfg = Release|Any CPU
		{FA072C55-1461-4D5C-B6FA-FC8F688F6745}.Release|Any CPU.Build.0 = Release|Any CPU
		{17E3E449-6C1F-4A64-A76C-E3A64B33828C}.Debug|Any CPU.ActiveCfg = Debug|Any CPU
		{17E3E449-6C1F-4A64-A76C-E3A64B33828C}.Debug|Any CPU.Build.0 = Debug|Any CPU
		{17E3E449-6C1F-4A64-A76C-E3A64B33828C}.Release|Any CPU.ActiveCfg = Release|Any CPU
		{17E3E449-6C1F-4A64-A76C-E3A64B33828C}.Release|Any CPU.Build.0 = Release|Any CPU
		{17F37A4B-F985-4446-9E1A-AF9A8B38D445}.Debug|Any CPU.ActiveCfg = Debug|Any CPU
		{17F37A4B-F985-4446-9E1A-AF9A8B38D445}.Debug|Any CPU.Build.0 = Debug|Any CPU
		{17F37A4B-F985-4446-9E1A-AF9A8B38D445}.Release|Any CPU.ActiveCfg = Release|Any CPU
		{17F37A4B-F985-4446-9E1A-AF9A8B38D445}.Release|Any CPU.Build.0 = Release|Any CPU
		{96F20891-0ECC-46CA-AD4F-840A7CEC5E72}.Debug|Any CPU.ActiveCfg = Debug|Any CPU
		{96F20891-0ECC-46CA-AD4F-840A7CEC5E72}.Debug|Any CPU.Build.0 = Debug|Any CPU
		{96F20891-0ECC-46CA-AD4F-840A7CEC5E72}.Release|Any CPU.ActiveCfg = Release|Any CPU
		{96F20891-0ECC-46CA-AD4F-840A7CEC5E72}.Release|Any CPU.Build.0 = Release|Any CPU
	EndGlobalSection
	GlobalSection(SolutionProperties) = preSolution
		HideSolutionNode = FALSE
	EndGlobalSection
	GlobalSection(ExtensibilityGlobals) = postSolution
		SolutionGuid = {2D898039-6930-440F-B77C-64521D22899C}
	EndGlobalSection
EndGlobal
